{
  "chain": [
    {
      "digest": "df1368eec1222ffb5f8ab0e6b7b1a823822e9c4edc63960df4031214fbe4efbf",
      "template": "rmx-role0"
    },
    {
      "digest": "40f510d635d1d2440178f1a4f333453ce4da2594a5e9eaffd25947c48962fafe",
      "template": "rmx-arranger/arranger0"
    }
  ],
  "class": "arranger0",
  "files": {
    "AGENTS.md": "7dc46753f79b13ab0e98afc8275a4d8670fe0b6b5def7a0b516e877bc2e12c48",
    "arranger-rulebook.md": "e83d0d001db57774bccc5e5b6a713f9f6cb694b700906bd1e32b9dd896bd8e11"
  }
}
