{
  "chain": [
    {
      "digest": "c96260be267ef6b80da18345309b8f9d3d14060b301a664c77247767e90fa4fa",
      "template": "rmx-role0"
    },
    {
      "digest": "d8026b4224814812170c6a1d7aad13bbf9e2d9afd234234167aecd72588a33a0",
      "template": "rmx-arranger/arranger0"
    }
  ],
  "class": "arranger0",
  "files": {
    "AGENTS.md": "6505b53a8ac4731e59fbd5791ab668735faf248d0313de9a12f5c05d892b39e0",
    "arranger-rulebook.md": "5c015ad3d782b9d00ffc459328284d3b135e643990dd0ecb1d403524c89e847d"
  }
}
